
Microsoft Visual Studio Solution File, Format Version 12.00
# Visual Studio Version 16
VisualStudioVersion = 16.0.30621.155
MinimumVisualStudioVersion = 10.0.40219.1
Project("{9A19103F-16F7-4668-BE54-9A1E7A4F7556}") = "BreweryProject", "BreweryProject.csproj", "{FD7A531C-E1CC-4FD5-8C79-AB89976CAB38}"
EndProject
Project("{9A19103F-16F7-4668-BE54-9A1E7A4F7556}") = "BITSTests", "..\BITSTests\BITSTests.csproj", "{9ABD0CE3-220A-4170-AAA6-A580D7403AA8}"
EndProject
Project("{FAE04EC0-301F-11D3-BF4B-00C04F79EFBC}") = "BITSRestAPI", "..\BITSRestAPI\BITSRestAPI.csproj", "{0EEEC20E-3A69-4A4C-ACB1-F67E9CE3547A}"
EndProject
Global
	GlobalSection(SolutionConfigurationPlatforms) = preSolution
		Debug|Any CPU = Debug|Any CPU
		Release|Any CPU = Release|Any CPU
	EndGlobalSection
	GlobalSection(ProjectConfigurationPlatforms) = postSolution
		{FD7A531C-E1CC-4FD5-8C79-AB89976CAB38}.Debug|Any CPU.ActiveCfg = Debug|Any CPU
		{FD7A531C-E1CC-4FD5-8C79-AB89976CAB38}.Debug|Any CPU.Build.0 = Debug|Any CPU
		{FD7A531C-E1CC-4FD5-8C79-AB89976CAB38}.Release|Any CPU.ActiveCfg = Release|Any CPU
		{FD7A531C-E1CC-4FD5-8C79-AB89976CAB38}.Release|Any CPU.Build.0 = Release|Any CPU
		{9ABD0CE3-220A-4170-AAA6-A580D7403AA8}.Debug|Any CPU.ActiveCfg = Debug|Any CPU
		{9ABD0CE3-220A-4170-AAA6-A580D7403AA8}.Debug|Any CPU.Build.0 = Debug|Any CPU
		{9ABD0CE3-220A-4170-AAA6-A580D7403AA8}.Release|Any CPU.ActiveCfg = Release|Any CPU
		{9ABD0CE3-220A-4170-AAA6-A580D7403AA8}.Release|Any CPU.Build.0 = Release|Any CPU
		{0EEEC20E-3A69-4A4C-ACB1-F67E9CE3547A}.Debug|Any CPU.ActiveCfg = Debug|Any CPU
		{0EEEC20E-3A69-4A4C-ACB1-F67E9CE3547A}.Debug|Any CPU.Build.0 = Debug|Any CPU
		{0EEEC20E-3A69-4A4C-ACB1-F67E9CE3547A}.Release|Any CPU.ActiveCfg = Release|Any CPU
		{0EEEC20E-3A69-4A4C-ACB1-F67E9CE3547A}.Release|Any CPU.Build.0 = Release|Any CPU
	EndGlobalSection
	GlobalSection(SolutionProperties) = preSolution
		HideSolutionNode = FALSE
	EndGlobalSection
	GlobalSection(ExtensibilityGlobals) = postSolution
		SolutionGuid = {F1D88764-159E-4294-95F2-D11B473CF43C}
	EndGlobalSection
EndGlobal
